
Microsoft Visual Studio Solution File, Format Version 12.00
# Visual Studio 15
VisualStudioVersion = 15.0.27004.2006
MinimumVisualStudioVersion = 10.0.40219.1
Project("{9A19103F-16F7-4668-BE54-9A1E7A4F7556}") = "CoreImaging.Test", "CoreImaging.Test\CoreImaging.Test.csproj", "{C4E2BC16-C08B-4F30-86A3-D9F4FD8850F1}"
EndProject
Project("{9A19103F-16F7-4668-BE54-9A1E7A4F7556}") = "CoreImaging", "CoreImaging\CoreImaging.csproj", "{174167B9-8EF6-4B15-B547-AABCB9818759}"
EndProject
Global
	GlobalSection(SolutionConfigurationPlatforms) = preSolution
		Debug|Any CPU = Debug|Any CPU
		Release|Any CPU = Release|Any CPU
	EndGlobalSection
	GlobalSection(ProjectConfigurationPlatforms) = postSolution
		{C4E2BC16-C08B-4F30-86A3-D9F4FD8850F1}.Debug|Any CPU.ActiveCfg = Debug|Any CPU
		{C4E2BC16-C08B-4F30-86A3-D9F4FD8850F1}.Debug|Any CPU.Build.0 = Debug|Any CPU
		{C4E2BC16-C08B-4F30-86A3-D9F4FD8850F1}.Release|Any CPU.ActiveCfg = Release|Any CPU
		{C4E2BC16-C08B-4F30-86A3-D9F4FD8850F1}.Release|Any CPU.Build.0 = Release|Any CPU
		{174167B9-8EF6-4B15-B547-AABCB9818759}.Debug|Any CPU.ActiveCfg = Debug|Any CPU
		{174167B9-8EF6-4B15-B547-AABCB9818759}.Debug|Any CPU.Build.0 = Debug|Any CPU
		{174167B9-8EF6-4B15-B547-AABCB9818759}.Release|Any CPU.ActiveCfg = Release|Any CPU
		{174167B9-8EF6-4B15-B547-AABCB9818759}.Release|Any CPU.Build.0 = Release|Any CPU
	EndGlobalSection
	GlobalSection(SolutionProperties) = preSolution
		HideSolutionNode = FALSE
	EndGlobalSection
	GlobalSection(ExtensibilityGlobals) = postSolution
		SolutionGuid = {A9DFB099-5F1B-4A03-B10E-8BCB45A73527}
	EndGlobalSection
EndGlobal
